{
   "name": "InVivoStat",
   "version": "5.2.0",
   "lockfileVersion": 3,
   "requires": true,
   "packages": {
      "": {
         "version": "5.2.0",
         "license": "MIT",
         "dependencies": {
            "electron-updater": "^4.0.6",
            "image-size": "^0.7.4",
            "portscanner": "^2.2.0",
            "socket.io": "^2.2.0"
         },
         "devDependencies": {
            "@types/node": "^10.14.4",
            "@types/socket.io": "^2.1.2",
            "electron": "^42.4.0",
            "tslint": "^5.12.0",
            "typescript": "^3.2.2"
         }
      },
      "node_modules/@babel/code-frame": {
         "version": "7.8.3",
         "resolved": "https://registry.npmjs.org/@babel/code-frame/-/code-frame-7.8.3.tgz",
         "integrity": "sha512-a9gxpmdXtZEInkCSHUJDLHZVBgb1QS0jhss4cPP93EW7s+uC5bikET2twEF3KV+7rDblJcmNvTR7VJejqd2C2g==",
         "dev": true,
         "dependencies": {
            "@babel/highlight": "^7.8.3"
         }
      },
      "node_modules/@babel/helper-validator-identifier": {
         "version": "7.9.5",
         "resolved": "https://registry.npmjs.org/@babel/helper-validator-identifier/-/helper-validator-identifier-7.9.5.tgz",
         "integrity": "sha512-/8arLKUFq882w4tWGj9JYzRpAlZgiWUJ+dtteNTDqrRBz9Iguck9Rn3ykuBDoUwh2TO4tSAJlrxDUOXWklJe4g==",
         "dev": true
      },
      "node_modules/@babel/highlight": {
         "version": "7.9.0",
         "resolved": "https://registry.npmjs.org/@babel/highlight/-/highlight-7.9.0.tgz",
         "integrity": "sha512-lJZPilxX7Op3Nv/2cvFdnlepPXDxi29wxteT57Q965oc5R9v86ztx0jfxVrTcBk8C2kcPkkDa2Z4T3ZsPPVWsQ==",
         "dev": true,
         "dependencies": {
            "@babel/helper-validator-identifier": "^7.9.0",
            "chalk": "^2.0.0",
            "js-tokens": "^4.0.0"
         }
      },
      "node_modules/@electron-internal/extract-zip": {
         "version": "1.0.3",
         "resolved": "https://registry.npmjs.org/@electron-internal/extract-zip/-/extract-zip-1.0.3.tgz",
         "integrity": "sha512-OjKpjB7gohtEjZiq6nDx1egqjZJhGPN1iFOIED+NFhB/MMkXw/XRcHjh1DGXKT5z2W9eW7Jy2UKU3gpjvusFTQ==",
         "dev": true,
         "license": "BSD-2-Clause",
         "engines": {
            "node": ">=22.12.0"
         }
      },
      "node_modules/@electron/get": {
         "version": "5.0.0",
         "resolved": "https://registry.npmjs.org/@electron/get/-/get-5.0.0.tgz",
         "integrity": "sha512-pjoBpru1KdEtcExBnuHAP1cAc/5faoedw0hzJkL3o4/IJp7HNF1+fbrdxT3gMYRX2oJfvnA/WXeCTVQpYYxyJA==",
         "dev": true,
         "license": "MIT",
         "dependencies": {
            "debug": "^4.1.1",
            "env-paths": "^3.0.0",
            "graceful-fs": "^4.2.11",
            "progress": "^2.0.3",
            "semver": "^7.6.3",
            "sumchecker": "^3.0.1"
         },
         "engines": {
            "node": ">=22.12.0"
         },
         "optionalDependencies": {
            "undici": "^7.24.4"
         }
      },
      "node_modules/@types/node": {
         "version": "10.17.21",
         "resolved": "https://registry.npmjs.org/@types/node/-/node-10.17.21.tgz",
         "integrity": "sha512-PQKsydPxYxF1DsAFWmunaxd3sOi3iMt6Zmx/tgaagHYmwJ/9cRH91hQkeJZaUGWbvn0K5HlSVEXkn5U/llWPpQ==",
         "dev": true
      },
      "node_modules/@types/semver": {
         "version": "7.1.0",
         "resolved": "https://registry.npmjs.org/@types/semver/-/semver-7.1.0.tgz",
         "integrity": "sha512-pOKLaubrAEMUItGNpgwl0HMFPrSAFic8oSVIvfu1UwcgGNmNyK9gyhBHKmBnUTwwVvpZfkzUC0GaMgnL6P86uA==",
         "dependencies": {
            "@types/node": "*"
         }
      },
      "node_modules/@types/semver/node_modules/@types/node": {
         "version": "13.13.4",
         "resolved": "https://registry.npmjs.org/@types/node/-/node-13.13.4.tgz",
         "integrity": "sha512-x26ur3dSXgv5AwKS0lNfbjpCakGIduWU1DU91Zz58ONRWrIKGunmZBNv4P7N+e27sJkiGDsw/3fT4AtsqQBrBA=="
      },
      "node_modules/@types/socket.io": {
         "version": "2.1.4",
         "resolved": "https://registry.npmjs.org/@types/socket.io/-/socket.io-2.1.4.tgz",
         "integrity": "sha512-cI98INy7tYnweTsUlp8ocveVdAxENUThO0JsLSCs51cjOP2yV5Mqo5QszMDPckyRRA+PO6+wBgKvGvHUCc23TQ==",
         "dev": true,
         "dependencies": {
            "@types/node": "*"
         }
      },
      "node_modules/accepts": {
         "version": "1.3.7",
         "resolved": "https://registry.npmjs.org/accepts/-/accepts-1.3.7.tgz",
         "integrity": "sha512-Il80Qs2WjYlJIBNzNkK6KYqlVMTbZLXgHx2oT0pU/fjRHyEp+PEfEPY0R3WCwAGVOtauxh1hOxNgIf5bv7dQpA==",
         "dependencies": {
            "mime-types": "~2.1.24",
            "negotiator": "0.6.2"
         },
         "engines": {
            "node": ">= 0.6"
         }
      },
      "node_modules/after": {
         "version": "0.8.2",
         "resolved": "https://registry.npmjs.org/after/-/after-0.8.2.tgz",
         "integrity": "sha1-/ts5T58OAqqXaOcCvaI7UF+ufh8="
      },
      "node_modules/ansi-styles": {
         "version": "3.2.1",
         "resolved": "https://registry.npmjs.org/ansi-styles/-/ansi-styles-3.2.1.tgz",
         "integrity": "sha512-VT0ZI6kZRdTh8YyJw3SMbYm/u+NqfsAxEpWO0Pf9sq8/e94WxxOpPKx9FR1FlyCtOVDNOQ+8ntlqFxiRc+r5qA==",
         "dev": true,
         "dependencies": {
            "color-convert": "^1.9.0"
         },
         "engines": {
            "node": ">=4"
         }
      },
      "node_modules/argparse": {
         "version": "1.0.10",
         "resolved": "https://registry.npmjs.org/argparse/-/argparse-1.0.10.tgz",
         "integrity": "sha512-o5Roy6tNG4SL/FOkCAN6RzjiakZS25RLYFrcMttJqbdd8BWrnA+fGz57iN5Pb06pvBGvl5gQ0B48dJlslXvoTg==",
         "dependencies": {
            "sprintf-js": "~1.0.2"
         }
      },
      "node_modules/arraybuffer.slice": {
         "version": "0.0.7",
         "resolved": "https://registry.npmjs.org/arraybuffer.slice/-/arraybuffer.slice-0.0.7.tgz",
         "integrity": "sha512-wGUIVQXuehL5TCqQun8OW81jGzAWycqzFF8lFp+GOM5BXLYj3bKNsYC4daB7n6XjCqxQA/qgTJ+8ANR3acjrog=="
      },
      "node_modules/async": {
         "version": "2.6.3",
         "resolved": "https://registry.npmjs.org/async/-/async-2.6.3.tgz",
         "integrity": "sha512-zflvls11DCy+dQWzTW2dzuilv8Z5X/pjfmZOWba6TNIVDm+2UDaJmXSOXlasHKfNBs8oo3M0aT50fDEWfKZjXg==",
         "dependencies": {
            "lodash": "^4.17.14"
         }
      },
      "node_modules/async-limiter": {
         "version": "1.0.1",
         "resolved": "https://registry.npmjs.org/async-limiter/-/async-limiter-1.0.1.tgz",
         "integrity": "sha512-csOlWGAcRFJaI6m+F2WKdnMKr4HhdhFVBk0H/QbJFMCr+uO2kwohwXQPxw/9OCxp05r5ghVBFSyioixx3gfkNQ=="
      },
      "node_modules/at-least-node": {
         "version": "1.0.0",
         "resolved": "https://registry.npmjs.org/at-least-node/-/at-least-node-1.0.0.tgz",
         "integrity": "sha512-+q/t7Ekv1EDY2l6Gda6LLiX14rU9TV20Wa3ofeQmwPFZbOMo9DXrLbOjFaaclkXKWidIaopwAObQDqwWtGUjqg==",
         "engines": {
            "node": ">= 4.0.0"
         }
      },
      "node_modules/backo2": {
         "version": "1.0.2",
         "resolved": "https://registry.npmjs.org/backo2/-/backo2-1.0.2.tgz",
         "integrity": "sha1-MasayLEpNjRj41s+u2n038+6eUc="
      },
      "node_modules/balanced-match": {
         "version": "1.0.0",
         "resolved": "https://registry.npmjs.org/balanced-match/-/balanced-match-1.0.0.tgz",
         "integrity": "sha1-ibTRmasr7kneFk6gK4nORi1xt2c=",
         "dev": true
      },
      "node_modules/base64-arraybuffer": {
         "version": "0.1.5",
         "resolved": "https://registry.npmjs.org/base64-arraybuffer/-/base64-arraybuffer-0.1.5.tgz",
         "integrity": "sha1-c5JncZI7Whl0etZmqlzUv5xunOg=",
         "engines": {
            "node": ">= 0.6.0"
         }
      },
      "node_modules/base64id": {
         "version": "2.0.0",
         "resolved": "https://registry.npmjs.org/base64id/-/base64id-2.0.0.tgz",
         "integrity": "sha512-lGe34o6EHj9y3Kts9R4ZYs/Gr+6N7MCaMlIFA3F1R2O5/m7K06AxfSeO5530PEERE6/WyEg3lsuyw4GHlPZHog==",
         "engines": {
            "node": "^4.5.0 || >= 5.9"
         }
      },
      "node_modules/better-assert": {
         "version": "1.0.2",
         "resolved": "https://registry.npmjs.org/better-assert/-/better-assert-1.0.2.tgz",
         "integrity": "sha1-QIZrnhueC1W0gYlDEeaPr/rrxSI=",
         "dependencies": {
            "callsite": "1.0.0"
         },
         "engines": {
            "node": "*"
         }
      },
      "node_modules/blob": {
         "version": "0.0.5",
         "resolved": "https://registry.npmjs.org/blob/-/blob-0.0.5.tgz",
         "integrity": "sha512-gaqbzQPqOoamawKg0LGVd7SzLgXS+JH61oWprSLH+P+abTczqJbhTR8CmJ2u9/bUYNmHTGJx/UEmn6doAvvuig=="
      },
      "node_modules/brace-expansion": {
         "version": "1.1.11",
         "resolved": "https://registry.npmjs.org/brace-expansion/-/brace-expansion-1.1.11.tgz",
         "integrity": "sha512-iCuPHDFgrHX7H2vEI/5xpz07zSHB00TpugqhmYtVmMO6518mCuRMoOYFldEBl0g187ufozdaHgWKcYFb61qGiA==",
         "dev": true,
         "dependencies": {
            "balanced-match": "^1.0.0",
            "concat-map": "0.0.1"
         }
      },
      "node_modules/builder-util-runtime": {
         "version": "8.7.0",
         "resolved": "https://registry.npmjs.org/builder-util-runtime/-/builder-util-runtime-8.7.0.tgz",
         "integrity": "sha512-G1AqqVM2vYTrSFR982c1NNzwXKrGLQjVjaZaWQdn4O6Z3YKjdMDofw88aD9jpyK9ZXkrCxR0tI3Qe9wNbyTlXg==",
         "dependencies": {
            "debug": "^4.1.1",
            "sax": "^1.2.4"
         },
         "engines": {
            "node": ">=8.2.0"
         }
      },
      "node_modules/builtin-modules": {
         "version": "1.1.1",
         "resolved": "https://registry.npmjs.org/builtin-modules/-/builtin-modules-1.1.1.tgz",
         "integrity": "sha1-Jw8HbFpywC9bZaR9+Uxf46J4iS8=",
         "dev": true,
         "engines": {
            "node": ">=0.10.0"
         }
      },
      "node_modules/callsite": {
         "version": "1.0.0",
         "resolved": "https://registry.npmjs.org/callsite/-/callsite-1.0.0.tgz",
         "integrity": "sha1-KAOY5dZkvXQDi28JBRU+borxvCA=",
         "engines": {
            "node": "*"
         }
      },
      "node_modules/chalk": {
         "version": "2.4.2",
         "resolved": "https://registry.npmjs.org/chalk/-/chalk-2.4.2.tgz",
         "integrity": "sha512-Mti+f9lpJNcwF4tWV8/OrTTtF1gZi+f8FqlyAdouralcFWFQWF2+NgCHShjkCb+IFBLq9buZwE1xckQU4peSuQ==",
         "dev": true,
         "dependencies": {
            "ansi-styles": "^3.2.1",
            "escape-string-regexp": "^1.0.5",
            "supports-color": "^5.3.0"
         },
         "engines": {
            "node": ">=4"
         }
      },
      "node_modules/color-convert": {
         "version": "1.9.3",
         "resolved": "https://registry.npmjs.org/color-convert/-/color-convert-1.9.3.tgz",
         "integrity": "sha512-QfAUtd+vFdAtFQcC8CCyYt1fYWxSqAiK2cSD6zDB8N3cpsEBAvRxp9zOGg6G/SHHJYAT88/az/IuDGALsNVbGg==",
         "dev": true,
         "dependencies": {
            "color-name": "1.1.3"
         }
      },
      "node_modules/color-name": {
         "version": "1.1.3",
         "resolved": "https://registry.npmjs.org/color-name/-/color-name-1.1.3.tgz",
         "integrity": "sha1-p9BVi9icQveV3UIyj3QIMcpTvCU=",
         "dev": true
      },
      "node_modules/commander": {
         "version": "2.20.3",
         "resolved": "https://registry.npmjs.org/commander/-/commander-2.20.3.tgz",
         "integrity": "sha512-GpVkmM8vF2vQUkj2LvZmD35JxeJOLCwJ9cUkugyk2nuhbv3+mJvpLYYt+0+USMxE+oj+ey/lJEnhZw75x/OMcQ==",
         "dev": true
      },
      "node_modules/component-bind": {
         "version": "1.0.0",
         "resolved": "https://registry.npmjs.org/component-bind/-/component-bind-1.0.0.tgz",
         "integrity": "sha1-AMYIq33Nk4l8AAllGx06jh5zu9E="
      },
      "node_modules/component-emitter": {
         "version": "1.2.1",
         "resolved": "https://registry.npmjs.org/component-emitter/-/component-emitter-1.2.1.tgz",
         "integrity": "sha1-E3kY1teCg/ffemt8WmPhQOaUJeY="
      },
      "node_modules/component-inherit": {
         "version": "0.0.3",
         "resolved": "https://registry.npmjs.org/component-inherit/-/component-inherit-0.0.3.tgz",
         "integrity": "sha1-ZF/ErfWLcrZJ1crmUTVhnbJv8UM="
      },
      "node_modules/concat-map": {
         "version": "0.0.1",
         "resolved": "https://registry.npmjs.org/concat-map/-/concat-map-0.0.1.tgz",
         "integrity": "sha1-2Klr13/Wjfd5OnMDajug1UBdR3s=",
         "dev": true
      },
      "node_modules/cookie": {
         "version": "0.3.1",
         "resolved": "https://registry.npmjs.org/cookie/-/cookie-0.3.1.tgz",
         "integrity": "sha1-5+Ch+e9DtMi6klxcWpboBtFoc7s=",
         "engines": {
            "node": ">= 0.6"
         }
      },
      "node_modules/debug": {
         "version": "4.1.1",
         "resolved": "https://registry.npmjs.org/debug/-/debug-4.1.1.tgz",
         "integrity": "sha512-pYAIzeRo8J6KPEaJ0VWOh5Pzkbw/RetuzehGM7QRRX5he4fPHx2rdKMB256ehJCkX+XRQm16eZLqLNS8RSZXZw==",
         "deprecated": "Debug versions >=3.2.0 <3.2.7 || >=4 <4.3.1 have a low-severity ReDos regression when used in a Node.js environment. It is recommended you upgrade to 3.2.7 or 4.3.1. (https://github.com/visionmedia/debug/issues/797)",
         "dependencies": {
            "ms": "^2.1.1"
         }
      },
      "node_modules/diff": {
         "version": "4.0.2",
         "resolved": "https://registry.npmjs.org/diff/-/diff-4.0.2.tgz",
         "integrity": "sha512-58lmxKSA4BNyLz+HHMUzlOEpg09FV+ev6ZMe3vJihgdxzgcwZ8VoEEPmALCZG9LmqfVoNMMKpttIYTVG6uDY7A==",
         "dev": true,
         "engines": {
            "node": ">=0.3.1"
         }
      },
      "node_modules/electron": {
         "version": "42.4.0",
         "resolved": "https://registry.npmjs.org/electron/-/electron-42.4.0.tgz",
         "integrity": "sha512-OXXqh9LD9KxXPv2Fe25EfU9N9AvWTuV6V81sfhQaNvTAXCd9ONA+Q4OWvMe+CmYD6xIwjFxGGtG/ZphDYYC5OQ==",
         "dev": true,
         "license": "MIT",
         "dependencies": {
            "@electron-internal/extract-zip": "^1.0.1",
            "@electron/get": "^5.0.0",
            "@types/node": "^24.9.0"
         },
         "bin": {
            "electron": "cli.js",
            "install-electron": "install.js"
         },
         "engines": {
            "node": ">= 22.12.0"
         }
      },
      "node_modules/electron-updater": {
         "version": "4.3.1",
         "resolved": "https://registry.npmjs.org/electron-updater/-/electron-updater-4.3.1.tgz",
         "integrity": "sha512-UDC5AHCgeiHJYDYWZG/rsl1vdAFKqI/Lm7whN57LKAk8EfhTewhcEHzheRcncLgikMcQL8gFo1KeX51tf5a5Wg==",
         "dependencies": {
            "@types/semver": "^7.1.0",
            "builder-util-runtime": "8.7.0",
            "fs-extra": "^9.0.0",
            "js-yaml": "^3.13.1",
            "lazy-val": "^1.0.4",
            "lodash.isequal": "^4.5.0",
            "semver": "^7.1.3"
         }
      },
      "node_modules/electron/node_modules/@types/node": {
         "version": "24.13.2",
         "resolved": "https://registry.npmjs.org/@types/node/-/node-24.13.2.tgz",
         "integrity": "sha512-fRa09kZTgu8o71KFcDjUFuc7F+dEbZYZmkI0mg5YBTRs0yMKjYHsq/c0urDKeDb+D5qVgXOdFcuu+DZPKOITwA==",
         "dev": true,
         "license": "MIT",
         "dependencies": {
            "undici-types": "~7.18.0"
         }
      },
      "node_modules/engine.io": {
         "version": "3.4.1",
         "resolved": "https://registry.npmjs.org/engine.io/-/engine.io-3.4.1.tgz",
         "integrity": "sha512-8MfIfF1/IIfxuc2gv5K+XlFZczw/BpTvqBdl0E2fBLkYQp4miv4LuDTVtYt4yMyaIFLEr4vtaSgV4mjvll8Crw==",
         "dependencies": {
            "accepts": "~1.3.4",
            "base64id": "2.0.0",
            "cookie": "0.3.1",
            "debug": "~4.1.0",
            "engine.io-parser": "~2.2.0",
            "ws": "^7.1.2"
         },
         "engines": {
            "node": ">=8.0.0"
         }
      },
      "node_modules/engine.io-client": {
         "version": "3.4.1",
         "resolved": "https://registry.npmjs.org/engine.io-client/-/engine.io-client-3.4.1.tgz",
         "integrity": "sha512-RJNmA+A9Js+8Aoq815xpGAsgWH1VoSYM//2VgIiu9lNOaHFfLpTjH4tOzktBpjIs5lvOfiNY1dwf+NuU6D38Mw==",
         "dependencies": {
            "component-emitter": "1.2.1",
            "component-inherit": "0.0.3",
            "debug": "~4.1.0",
            "engine.io-parser": "~2.2.0",
            "has-cors": "1.1.0",
            "indexof": "0.0.1",
            "parseqs": "0.0.5",
            "parseuri": "0.0.5",
            "ws": "~6.1.0",
            "xmlhttprequest-ssl": "~1.5.4",
            "yeast": "0.1.2"
         }
      },
      "node_modules/engine.io-client/node_modules/ws": {
         "version": "6.1.4",
         "resolved": "https://registry.npmjs.org/ws/-/ws-6.1.4.tgz",
         "integrity": "sha512-eqZfL+NE/YQc1/ZynhojeV8q+H050oR8AZ2uIev7RU10svA9ZnJUddHcOUZTJLinZ9yEfdA2kSATS2qZK5fhJA==",
         "dependencies": {
            "async-limiter": "~1.0.0"
         }
      },
      "node_modules/engine.io-parser": {
         "version": "2.2.0",
         "resolved": "https://registry.npmjs.org/engine.io-parser/-/engine.io-parser-2.2.0.tgz",
         "integrity": "sha512-6I3qD9iUxotsC5HEMuuGsKA0cXerGz+4uGcXQEkfBidgKf0amsjrrtwcbwK/nzpZBxclXlV7gGl9dgWvu4LF6w==",
         "dependencies": {
            "after": "0.8.2",
            "arraybuffer.slice": "~0.0.7",
            "base64-arraybuffer": "0.1.5",
            "blob": "0.0.5",
            "has-binary2": "~1.0.2"
         }
      },
      "node_modules/env-paths": {
         "version": "3.0.0",
         "resolved": "https://registry.npmjs.org/env-paths/-/env-paths-3.0.0.tgz",
         "integrity": "sha512-dtJUTepzMW3Lm/NPxRf3wP4642UWhjL2sQxc+ym2YMj1m/H2zDNQOlezafzkHwn6sMstjHTwG6iQQsctDW/b1A==",
         "dev": true,
         "license": "MIT",
         "engines": {
            "node": "^12.20.0 || ^14.13.1 || >=16.0.0"
         },
         "funding": {
            "url": "https://github.com/sponsors/sindresorhus"
         }
      },
      "node_modules/escape-string-regexp": {
         "version": "1.0.5",
         "resolved": "https://registry.npmjs.org/escape-string-regexp/-/escape-string-regexp-1.0.5.tgz",
         "integrity": "sha1-G2HAViGQqN/2rjuyzwIAyhMLhtQ=",
         "dev": true,
         "engines": {
            "node": ">=0.8.0"
         }
      },
      "node_modules/esprima": {
         "version": "4.0.1",
         "resolved": "https://registry.npmjs.org/esprima/-/esprima-4.0.1.tgz",
         "integrity": "sha512-eGuFFw7Upda+g4p+QHvnW0RyTX/SVeJBDM/gCtMARO0cLuT2HcEKnTPvhjV6aGeqrCB/sbNop0Kszm0jsaWU4A==",
         "bin": {
            "esparse": "bin/esparse.js",
            "esvalidate": "bin/esvalidate.js"
         },
         "engines": {
            "node": ">=4"
         }
      },
      "node_modules/fs-extra": {
         "version": "9.0.0",
         "resolved": "https://registry.npmjs.org/fs-extra/-/fs-extra-9.0.0.tgz",
         "integrity": "sha512-pmEYSk3vYsG/bF651KPUXZ+hvjpgWYw/Gc7W9NFUe3ZVLczKKWIij3IKpOrQcdw4TILtibFslZ0UmR8Vvzig4g==",
         "dependencies": {
            "at-least-node": "^1.0.0",
            "graceful-fs": "^4.2.0",
            "jsonfile": "^6.0.1",
            "universalify": "^1.0.0"
         },
         "engines": {
            "node": ">=10"
         }
      },
      "node_modules/fs.realpath": {
         "version": "1.0.0",
         "resolved": "https://registry.npmjs.org/fs.realpath/-/fs.realpath-1.0.0.tgz",
         "integrity": "sha1-FQStJSMVjKpA20onh8sBQRmU6k8=",
         "dev": true
      },
      "node_modules/glob": {
         "version": "7.1.6",
         "resolved": "https://registry.npmjs.org/glob/-/glob-7.1.6.tgz",
         "integrity": "sha512-LwaxwyZ72Lk7vZINtNNrywX0ZuLyStrdDtabefZKAY5ZGJhVtgdznluResxNmPitE0SAO+O26sWTHeKSI2wMBA==",
         "deprecated": "Old versions of glob are not supported, and contain widely publicized security vulnerabilities, which have been fixed in the current version. Please update. Support for old versions may be purchased (at exorbitant rates) by contacting i@izs.me",
         "dev": true,
         "dependencies": {
            "fs.realpath": "^1.0.0",
            "inflight": "^1.0.4",
            "inherits": "2",
            "minimatch": "^3.0.4",
            "once": "^1.3.0",
            "path-is-absolute": "^1.0.0"
         },
         "engines": {
            "node": "*"
         },
         "funding": {
            "url": "https://github.com/sponsors/isaacs"
         }
      },
      "node_modules/graceful-fs": {
         "version": "4.2.11",
         "resolved": "https://registry.npmjs.org/graceful-fs/-/graceful-fs-4.2.11.tgz",
         "integrity": "sha512-RbJ5/jmFcNNCcDV5o9eTnBLJ/HszWV0P73bc+Ff4nS/rJj+YaS6IGyiOL0VoBYX+l1Wrl3k63h/KrH+nhJ0XvQ==",
         "license": "ISC"
      },
      "node_modules/has-binary2": {
         "version": "1.0.3",
         "resolved": "https://registry.npmjs.org/has-binary2/-/has-binary2-1.0.3.tgz",
         "integrity": "sha512-G1LWKhDSvhGeAQ8mPVQlqNcOB2sJdwATtZKl2pDKKHfpf/rYj24lkinxf69blJbnsvtqqNU+L3SL50vzZhXOnw==",
         "dependencies": {
            "isarray": "2.0.1"
         }
      },
      "node_modules/has-cors": {
         "version": "1.1.0",
         "resolved": "https://registry.npmjs.org/has-cors/-/has-cors-1.1.0.tgz",
         "integrity": "sha1-XkdHk/fqmEPRu5nCPu9J/xJv/zk="
      },
      "node_modules/has-flag": {
         "version": "3.0.0",
         "resolved": "https://registry.npmjs.org/has-flag/-/has-flag-3.0.0.tgz",
         "integrity": "sha1-tdRU3CGZriJWmfNGfloH87lVuv0=",
         "dev": true,
         "engines": {
            "node": ">=4"
         }
      },
      "node_modules/image-size": {
         "version": "0.7.5",
         "resolved": "https://registry.npmjs.org/image-size/-/image-size-0.7.5.tgz",
         "integrity": "sha512-Hiyv+mXHfFEP7LzUL/llg9RwFxxY+o9N3JVLIeG5E7iFIFAalxvRU9UZthBdYDEVnzHMgjnKJPPpay5BWf1g9g==",
         "bin": {
            "image-size": "bin/image-size.js"
         },
         "engines": {
            "node": ">=6.9.0"
         }
      },
      "node_modules/indexof": {
         "version": "0.0.1",
         "resolved": "https://registry.npmjs.org/indexof/-/indexof-0.0.1.tgz",
         "integrity": "sha1-gtwzbSMrkGIXnQWrMpOmYFn9Q10="
      },
      "node_modules/inflight": {
         "version": "1.0.6",
         "resolved": "https://registry.npmjs.org/inflight/-/inflight-1.0.6.tgz",
         "integrity": "sha1-Sb1jMdfQLQwJvJEKEHW6gWW1bfk=",
         "deprecated": "This module is not supported, and leaks memory. Do not use it. Check out lru-cache if you want a good and tested way to coalesce async requests by a key value, which is much more comprehensive and powerful.",
         "dev": true,
         "dependencies": {
            "once": "^1.3.0",
            "wrappy": "1"
         }
      },
      "node_modules/inherits": {
         "version": "2.0.4",
         "resolved": "https://registry.npmjs.org/inherits/-/inherits-2.0.4.tgz",
         "integrity": "sha512-k/vGaX4/Yla3WzyMCvTQOXYeIHvqOKtnqBduzTHpzpQZzAskKMhZ2K+EnBiSM9zGSoIFeMpXKxa4dYeZIQqewQ==",
         "dev": true
      },
      "node_modules/is-number-like": {
         "version": "1.0.8",
         "resolved": "https://registry.npmjs.org/is-number-like/-/is-number-like-1.0.8.tgz",
         "integrity": "sha512-6rZi3ezCyFcn5L71ywzz2bS5b2Igl1En3eTlZlvKjpz1n3IZLAYMbKYAIQgFmEu0GENg92ziU/faEOA/aixjbA==",
         "dependencies": {
            "lodash.isfinite": "^3.3.2"
         }
      },
      "node_modules/isarray": {
         "version": "2.0.1",
         "resolved": "https://registry.npmjs.org/isarray/-/isarray-2.0.1.tgz",
         "integrity": "sha1-o32U7ZzaLVmGXJ92/llu4fM4dB4="
      },
      "node_modules/js-tokens": {
         "version": "4.0.0",
         "resolved": "https://registry.npmjs.org/js-tokens/-/js-tokens-4.0.0.tgz",
         "integrity": "sha512-RdJUflcE3cUzKiMqQgsCu06FPu9UdIJO0beYbPhHN4k6apgJtifcoCtT9bcxOpYBtpD2kCM6Sbzg4CausW/PKQ==",
         "dev": true
      },
      "node_modules/js-yaml": {
         "version": "3.13.1",
         "resolved": "https://registry.npmjs.org/js-yaml/-/js-yaml-3.13.1.tgz",
         "integrity": "sha512-YfbcO7jXDdyj0DGxYVSlSeQNHbD7XPWvrVWeVUujrQEoZzWJIRrCPoyk6kL6IAjAG2IolMK4T0hNUe0HOUs5Jw==",
         "dependencies": {
            "argparse": "^1.0.7",
            "esprima": "^4.0.0"
         },
         "bin": {
            "js-yaml": "bin/js-yaml.js"
         }
      },
      "node_modules/jsonfile": {
         "version": "6.0.1",
         "resolved": "https://registry.npmjs.org/jsonfile/-/jsonfile-6.0.1.tgz",
         "integrity": "sha512-jR2b5v7d2vIOust+w3wtFKZIfpC2pnRmFAhAC/BuweZFQR8qZzxH1OyrQ10HmdVYiXWkYUqPVsz91cG7EL2FBg==",
         "dependencies": {
            "universalify": "^1.0.0"
         },
         "optionalDependencies": {
            "graceful-fs": "^4.1.6"
         }
      },
      "node_modules/lazy-val": {
         "version": "1.0.4",
         "resolved": "https://registry.npmjs.org/lazy-val/-/lazy-val-1.0.4.tgz",
         "integrity": "sha512-u93kb2fPbIrfzBuLjZE+w+fJbUUMhNDXxNmMfaqNgpfQf1CO5ZSe2LfsnBqVAk7i/2NF48OSoRj+Xe2VT+lE8Q=="
      },
      "node_modules/lodash": {
         "version": "4.17.15",
         "resolved": "https://registry.npmjs.org/lodash/-/lodash-4.17.15.tgz",
         "integrity": "sha512-8xOcRHvCjnocdS5cpwXQXVzmmh5e5+saE2QGoeQmbKmRS6J3VQppPOIt0MnmE+4xlZoumy0GPG0D0MVIQbNA1A=="
      },
      "node_modules/lodash.isequal": {
         "version": "4.5.0",
         "resolved": "https://registry.npmjs.org/lodash.isequal/-/lodash.isequal-4.5.0.tgz",
         "integrity": "sha1-QVxEePK8wwEgwizhDtMib30+GOA=",
         "deprecated": "This package is deprecated. Use require('node:util').isDeepStrictEqual instead."
      },
      "node_modules/lodash.isfinite": {
         "version": "3.3.2",
         "resolved": "https://registry.npmjs.org/lodash.isfinite/-/lodash.isfinite-3.3.2.tgz",
         "integrity": "sha1-+4m2WpqAKBgz8LdHizpRBPiY67M="
      },
      "node_modules/mime-db": {
         "version": "1.44.0",
         "resolved": "https://registry.npmjs.org/mime-db/-/mime-db-1.44.0.tgz",
         "integrity": "sha512-/NOTfLrsPBVeH7YtFPgsVWveuL+4SjjYxaQ1xtM1KMFj7HdxlBlxeyNLzhyJVx7r4rZGJAZ/6lkKCitSc/Nmpg==",
         "engines": {
            "node": ">= 0.6"
         }
      },
      "node_modules/mime-types": {
         "version": "2.1.27",
         "resolved": "https://registry.npmjs.org/mime-types/-/mime-types-2.1.27.tgz",
         "integrity": "sha512-JIhqnCasI9yD+SsmkquHBxTSEuZdQX5BuQnS2Vc7puQQQ+8yiP5AY5uWhpdv4YL4VM5c6iliiYWPgJ/nJQLp7w==",
         "dependencies": {
            "mime-db": "1.44.0"
         },
         "engines": {
            "node": ">= 0.6"
         }
      },
      "node_modules/minimatch": {
         "version": "3.0.4",
         "resolved": "https://registry.npmjs.org/minimatch/-/minimatch-3.0.4.tgz",
         "integrity": "sha512-yJHVQEhyqPLUTgt9B83PXu6W3rx4MvvHvSUvToogpwoGDOUQ+yDrR0HRot+yOCdCO7u4hX3pWft6kWBBcqh0UA==",
         "dev": true,
         "dependencies": {
            "brace-expansion": "^1.1.7"
         },
         "engines": {
            "node": "*"
         }
      },
      "node_modules/minimist": {
         "version": "1.2.5",
         "resolved": "https://registry.npmjs.org/minimist/-/minimist-1.2.5.tgz",
         "integrity": "sha512-FM9nNUYrRBAELZQT3xeZQ7fmMOBg6nWNmJKTcgsJeaLstP/UODVpGsr5OhXhhXg6f+qtJ8uiZ+PUxkDWcgIXLw==",
         "dev": true
      },
      "node_modules/mkdirp": {
         "version": "0.5.5",
         "resolved": "https://registry.npmjs.org/mkdirp/-/mkdirp-0.5.5.tgz",
         "integrity": "sha512-NKmAlESf6jMGym1++R0Ra7wvhV+wFW63FaSOFPwRahvea0gMUcGUhVeAg/0BC0wiv9ih5NYPB1Wn1UEI1/L+xQ==",
         "dev": true,
         "dependencies": {
            "minimist": "^1.2.5"
         },
         "bin": {
            "mkdirp": "bin/cmd.js"
         }
      },
      "node_modules/ms": {
         "version": "2.1.2",
         "resolved": "https://registry.npmjs.org/ms/-/ms-2.1.2.tgz",
         "integrity": "sha512-sGkPx+VjMtmA6MX27oA4FBFELFCZZ4S4XqeGOXCv68tT+jb3vk/RyaKWP0PTKyWtmLSM0b+adUTEvbs1PEaH2w=="
      },
      "node_modules/negotiator": {
         "version": "0.6.2",
         "resolved": "https://registry.npmjs.org/negotiator/-/negotiator-0.6.2.tgz",
         "integrity": "sha512-hZXc7K2e+PgeI1eDBe/10Ard4ekbfrrqG8Ep+8Jmf4JID2bNg7NvCPOZN+kfF574pFQI7mum2AUqDidoKqcTOw==",
         "engines": {
            "node": ">= 0.6"
         }
      },
      "node_modules/object-component": {
         "version": "0.0.3",
         "resolved": "https://registry.npmjs.org/object-component/-/object-component-0.0.3.tgz",
         "integrity": "sha1-8MaapQ78lbhmwYb0AKM3acsvEpE="
      },
      "node_modules/once": {
         "version": "1.4.0",
         "resolved": "https://registry.npmjs.org/once/-/once-1.4.0.tgz",
         "integrity": "sha1-WDsap3WWHUsROsF9nFC6753Xa9E=",
         "dev": true,
         "dependencies": {
            "wrappy": "1"
         }
      },
      "node_modules/parseqs": {
         "version": "0.0.5",
         "resolved": "https://registry.npmjs.org/parseqs/-/parseqs-0.0.5.tgz",
         "integrity": "sha1-1SCKNzjkZ2bikbouoXNoSSGouJ0=",
         "dependencies": {
            "better-assert": "~1.0.0"
         }
      },
      "node_modules/parseuri": {
         "version": "0.0.5",
         "resolved": "https://registry.npmjs.org/parseuri/-/parseuri-0.0.5.tgz",
         "integrity": "sha1-gCBKUNTbt3m/3G6+J3jZDkvOMgo=",
         "dependencies": {
            "better-assert": "~1.0.0"
         }
      },
      "node_modules/path-is-absolute": {
         "version": "1.0.1",
         "resolved": "https://registry.npmjs.org/path-is-absolute/-/path-is-absolute-1.0.1.tgz",
         "integrity": "sha1-F0uSaHNVNP+8es5r9TpanhtcX18=",
         "dev": true,
         "engines": {
            "node": ">=0.10.0"
         }
      },
      "node_modules/path-parse": {
         "version": "1.0.6",
         "resolved": "https://registry.npmjs.org/path-parse/-/path-parse-1.0.6.tgz",
         "integrity": "sha512-GSmOT2EbHrINBf9SR7CDELwlJ8AENk3Qn7OikK4nFYAu3Ote2+JYNVvkpAEQm3/TLNEJFD/xZJjzyxg3KBWOzw==",
         "dev": true
      },
      "node_modules/portscanner": {
         "version": "2.2.0",
         "resolved": "https://registry.npmjs.org/portscanner/-/portscanner-2.2.0.tgz",
         "integrity": "sha512-IFroCz/59Lqa2uBvzK3bKDbDDIEaAY8XJ1jFxcLWTqosrsc32//P4VuSB2vZXoHiHqOmx8B5L5hnKOxL/7FlPw==",
         "dependencies": {
            "async": "^2.6.0",
            "is-number-like": "^1.0.3"
         },
         "engines": {
            "node": ">=0.4",
            "npm": ">=1.0.0"
         }
      },
      "node_modules/progress": {
         "version": "2.0.3",
         "resolved": "https://registry.npmjs.org/progress/-/progress-2.0.3.tgz",
         "integrity": "sha512-7PiHtLll5LdnKIMw100I+8xJXR5gW2QwWYkT6iJva0bXitZKa/XMrSbdmg3r2Xnaidz9Qumd0VPaMrZlF9V9sA==",
         "dev": true,
         "license": "MIT",
         "engines": {
            "node": ">=0.4.0"
         }
      },
      "node_modules/resolve": {
         "version": "1.17.0",
         "resolved": "https://registry.npmjs.org/resolve/-/resolve-1.17.0.tgz",
         "integrity": "sha512-ic+7JYiV8Vi2yzQGFWOkiZD5Z9z7O2Zhm9XMaTxdJExKasieFCr+yXZ/WmXsckHiKl12ar0y6XiXDx3m4RHn1w==",
         "dev": true,
         "dependencies": {
            "path-parse": "^1.0.6"
         },
         "funding": {
            "url": "https://github.com/sponsors/ljharb"
         }
      },
      "node_modules/sax": {
         "version": "1.2.4",
         "resolved": "https://registry.npmjs.org/sax/-/sax-1.2.4.tgz",
         "integrity": "sha512-NqVDv9TpANUjFm0N8uM5GxL36UgKi9/atZw+x7YFnQ8ckwFGKrl4xX4yWtrey3UJm5nP1kUbnYgLopqWNSRhWw=="
      },
      "node_modules/semver": {
         "version": "7.8.4",
         "resolved": "https://registry.npmjs.org/semver/-/semver-7.8.4.tgz",
         "integrity": "sha512-rUCObTnP32Q08R2uuIrt7r9PlEonuTmtuXYcW6s5kjdlj3xbnwe+21yXptAUYcMAABLkYYTtnmzb3w3EDZfueA==",
         "license": "ISC",
         "bin": {
            "semver": "bin/semver.js"
         },
         "engines": {
            "node": ">=10"
         }
      },
      "node_modules/socket.io": {
         "version": "2.3.0",
         "resolved": "https://registry.npmjs.org/socket.io/-/socket.io-2.3.0.tgz",
         "integrity": "sha512-2A892lrj0GcgR/9Qk81EaY2gYhCBxurV0PfmmESO6p27QPrUK1J3zdns+5QPqvUYK2q657nSj0guoIil9+7eFg==",
         "dependencies": {
            "debug": "~4.1.0",
            "engine.io": "~3.4.0",
            "has-binary2": "~1.0.2",
            "socket.io-adapter": "~1.1.0",
            "socket.io-client": "2.3.0",
            "socket.io-parser": "~3.4.0"
         }
      },
      "node_modules/socket.io-adapter": {
         "version": "1.1.2",
         "resolved": "https://registry.npmjs.org/socket.io-adapter/-/socket.io-adapter-1.1.2.tgz",
         "integrity": "sha512-WzZRUj1kUjrTIrUKpZLEzFZ1OLj5FwLlAFQs9kuZJzJi5DKdU7FsWc36SNmA8iDOtwBQyT8FkrriRM8vXLYz8g=="
      },
      "node_modules/socket.io-client": {
         "version": "2.3.0",
         "resolved": "https://registry.npmjs.org/socket.io-client/-/socket.io-client-2.3.0.tgz",
         "integrity": "sha512-cEQQf24gET3rfhxZ2jJ5xzAOo/xhZwK+mOqtGRg5IowZsMgwvHwnf/mCRapAAkadhM26y+iydgwsXGObBB5ZdA==",
         "dependencies": {
            "backo2": "1.0.2",
            "base64-arraybuffer": "0.1.5",
            "component-bind": "1.0.0",
            "component-emitter": "1.2.1",
            "debug": "~4.1.0",
            "engine.io-client": "~3.4.0",
            "has-binary2": "~1.0.2",
            "has-cors": "1.1.0",
            "indexof": "0.0.1",
            "object-component": "0.0.3",
            "parseqs": "0.0.5",
            "parseuri": "0.0.5",
            "socket.io-parser": "~3.3.0",
            "to-array": "0.1.4"
         }
      },
      "node_modules/socket.io-client/node_modules/ms": {
         "version": "2.0.0",
         "resolved": "https://registry.npmjs.org/ms/-/ms-2.0.0.tgz",
         "integrity": "sha1-VgiurfwAvmwpAd9fmGF4jeDVl8g="
      },
      "node_modules/socket.io-client/node_modules/socket.io-parser": {
         "version": "3.3.0",
         "resolved": "https://registry.npmjs.org/socket.io-parser/-/socket.io-parser-3.3.0.tgz",
         "integrity": "sha512-hczmV6bDgdaEbVqhAeVMM/jfUfzuEZHsQg6eOmLgJht6G3mPKMxYm75w2+qhAQZ+4X+1+ATZ+QFKeOZD5riHng==",
         "dependencies": {
            "component-emitter": "1.2.1",
            "debug": "~3.1.0",
            "isarray": "2.0.1"
         }
      },
      "node_modules/socket.io-client/node_modules/socket.io-parser/node_modules/debug": {
         "version": "3.1.0",
         "resolved": "https://registry.npmjs.org/debug/-/debug-3.1.0.tgz",
         "integrity": "sha512-OX8XqP7/1a9cqkxYw2yXss15f26NKWBpDXQd0/uK/KPqdQhxbPa994hnzjcE2VqQpDslf55723cKPUOGSmMY3g==",
         "dependencies": {
            "ms": "2.0.0"
         }
      },
      "node_modules/socket.io-parser": {
         "version": "3.4.0",
         "resolved": "https://registry.npmjs.org/socket.io-parser/-/socket.io-parser-3.4.0.tgz",
         "integrity": "sha512-/G/VOI+3DBp0+DJKW4KesGnQkQPFmUCbA/oO2QGT6CWxU7hLGWqU3tyuzeSK/dqcyeHsQg1vTe9jiZI8GU9SCQ==",
         "dependencies": {
            "component-emitter": "1.2.1",
            "debug": "~4.1.0",
            "isarray": "2.0.1"
         }
      },
      "node_modules/sprintf-js": {
         "version": "1.0.3",
         "resolved": "https://registry.npmjs.org/sprintf-js/-/sprintf-js-1.0.3.tgz",
         "integrity": "sha1-BOaSb2YolTVPPdAVIDYzuFcpfiw="
      },
      "node_modules/sumchecker": {
         "version": "3.0.1",
         "resolved": "https://registry.npmjs.org/sumchecker/-/sumchecker-3.0.1.tgz",
         "integrity": "sha512-MvjXzkz/BOfyVDkG0oFOtBxHX2u3gKbMHIF/dXblZsgD3BWOFLmHovIpZY7BykJdAjcqRCBi1WYBNdEC9yI7vg==",
         "dev": true,
         "license": "Apache-2.0",
         "dependencies": {
            "debug": "^4.1.0"
         },
         "engines": {
            "node": ">= 8.0"
         }
      },
      "node_modules/supports-color": {
         "version": "5.5.0",
         "resolved": "https://registry.npmjs.org/supports-color/-/supports-color-5.5.0.tgz",
         "integrity": "sha512-QjVjwdXIt408MIiAqCX4oUKsgU2EqAGzs2Ppkm4aQYbjm+ZEWEcW4SfFNTr4uMNZma0ey4f5lgLrkB0aX0QMow==",
         "dev": true,
         "dependencies": {
            "has-flag": "^3.0.0"
         },
         "engines": {
            "node": ">=4"
         }
      },
      "node_modules/to-array": {
         "version": "0.1.4",
         "resolved": "https://registry.npmjs.org/to-array/-/to-array-0.1.4.tgz",
         "integrity": "sha1-F+bBH3PdTz10zaek/zI46a2b+JA="
      },
      "node_modules/tslib": {
         "version": "1.11.1",
         "resolved": "https://registry.npmjs.org/tslib/-/tslib-1.11.1.tgz",
         "integrity": "sha512-aZW88SY8kQbU7gpV19lN24LtXh/yD4ZZg6qieAJDDg+YBsJcSmLGK9QpnUjAKVG/xefmvJGd1WUmfpT/g6AJGA==",
         "dev": true
      },
      "node_modules/tslint": {
         "version": "5.20.1",
         "resolved": "https://registry.npmjs.org/tslint/-/tslint-5.20.1.tgz",
         "integrity": "sha512-EcMxhzCFt8k+/UP5r8waCf/lzmeSyVlqxqMEDQE7rWYiQky8KpIBz1JAoYXfROHrPZ1XXd43q8yQnULOLiBRQg==",
         "dev": true,
         "dependencies": {
            "@babel/code-frame": "^7.0.0",
            "builtin-modules": "^1.1.1",
            "chalk": "^2.3.0",
            "commander": "^2.12.1",
            "diff": "^4.0.1",
            "glob": "^7.1.1",
            "js-yaml": "^3.13.1",
            "minimatch": "^3.0.4",
            "mkdirp": "^0.5.1",
            "resolve": "^1.3.2",
            "semver": "^5.3.0",
            "tslib": "^1.8.0",
            "tsutils": "^2.29.0"
         },
         "bin": {
            "tslint": "bin/tslint"
         },
         "engines": {
            "node": ">=4.8.0"
         },
         "peerDependencies": {
            "typescript": ">=2.3.0-dev || >=2.4.0-dev || >=2.5.0-dev || >=2.6.0-dev || >=2.7.0-dev || >=2.8.0-dev || >=2.9.0-dev || >=3.0.0-dev || >= 3.1.0-dev || >= 3.2.0-dev"
         }
      },
      "node_modules/tslint/node_modules/semver": {
         "version": "5.7.1",
         "resolved": "https://registry.npmjs.org/semver/-/semver-5.7.1.tgz",
         "integrity": "sha512-sauaDf/PZdVgrLTNYHRtpXa1iRiKcaebiKQ1BJdpQlWH2lCvexQdX55snPFyK7QzpudqbCI0qXFfOasHdyNDGQ==",
         "dev": true,
         "bin": {
            "semver": "bin/semver"
         }
      },
      "node_modules/tsutils": {
         "version": "2.29.0",
         "resolved": "https://registry.npmjs.org/tsutils/-/tsutils-2.29.0.tgz",
         "integrity": "sha512-g5JVHCIJwzfISaXpXE1qvNalca5Jwob6FjI4AoPlqMusJ6ftFE7IkkFoMhVLRgK+4Kx3gkzb8UZK5t5yTTvEmA==",
         "dev": true,
         "dependencies": {
            "tslib": "^1.8.1"
         },
         "peerDependencies": {
            "typescript": ">=2.1.0 || >=2.1.0-dev || >=2.2.0-dev || >=2.3.0-dev || >=2.4.0-dev || >=2.5.0-dev || >=2.6.0-dev || >=2.7.0-dev || >=2.8.0-dev || >=2.9.0-dev || >= 3.0.0-dev || >= 3.1.0-dev"
         }
      },
      "node_modules/typescript": {
         "version": "3.8.3",
         "resolved": "https://registry.npmjs.org/typescript/-/typescript-3.8.3.tgz",
         "integrity": "sha512-MYlEfn5VrLNsgudQTVJeNaQFUAI7DkhnOjdpAp4T+ku1TfQClewlbSuTVHiA+8skNBgaf02TL/kLOvig4y3G8w==",
         "dev": true,
         "bin": {
            "tsc": "bin/tsc",
            "tsserver": "bin/tsserver"
         },
         "engines": {
            "node": ">=4.2.0"
         }
      },
      "node_modules/undici": {
         "version": "7.28.0",
         "resolved": "https://registry.npmjs.org/undici/-/undici-7.28.0.tgz",
         "integrity": "sha512-cRZYrTDwWznlnRiPjggAGxZXanty6M8RV1ff8Wm4LWXBp7/IG8v5DnOm74DtUBp9OONpK75YlPnIjQqX0dBDtA==",
         "dev": true,
         "license": "MIT",
         "optional": true,
         "engines": {
            "node": ">=20.18.1"
         }
      },
      "node_modules/undici-types": {
         "version": "7.18.2",
         "resolved": "https://registry.npmjs.org/undici-types/-/undici-types-7.18.2.tgz",
         "integrity": "sha512-AsuCzffGHJybSaRrmr5eHr81mwJU3kjw6M+uprWvCXiNeN9SOGwQ3Jn8jb8m3Z6izVgknn1R0FTCEAP2QrLY/w==",
         "dev": true,
         "license": "MIT"
      },
      "node_modules/universalify": {
         "version": "1.0.0",
         "resolved": "https://registry.npmjs.org/universalify/-/universalify-1.0.0.tgz",
         "integrity": "sha512-rb6X1W158d7pRQBg5gkR8uPaSfiids68LTJQYOtEUhoJUWBdaQHsuT/EUduxXYxcrt4r5PJ4fuHW1MHT6p0qug==",
         "engines": {
            "node": ">= 10.0.0"
         }
      },
      "node_modules/wrappy": {
         "version": "1.0.2",
         "resolved": "https://registry.npmjs.org/wrappy/-/wrappy-1.0.2.tgz",
         "integrity": "sha1-tSQ9jz7BqjXxNkYFvA0QNuMKtp8=",
         "dev": true
      },
      "node_modules/ws": {
         "version": "7.2.5",
         "resolved": "https://registry.npmjs.org/ws/-/ws-7.2.5.tgz",
         "integrity": "sha512-C34cIU4+DB2vMyAbmEKossWq2ZQDr6QEyuuCzWrM9zfw1sGc0mYiJ0UnG9zzNykt49C2Fi34hvr2vssFQRS6EA==",
         "engines": {
            "node": ">=8.3.0"
         },
         "peerDependencies": {
            "bufferutil": "^4.0.1",
            "utf-8-validate": "^5.0.2"
         },
         "peerDependenciesMeta": {
            "bufferutil": {
               "optional": true
            },
            "utf-8-validate": {
               "optional": true
            }
         }
      },
      "node_modules/xmlhttprequest-ssl": {
         "version": "1.5.5",
         "resolved": "https://registry.npmjs.org/xmlhttprequest-ssl/-/xmlhttprequest-ssl-1.5.5.tgz",
         "integrity": "sha1-wodrBhaKrcQOV9l+gRkayPQ5iz4=",
         "engines": {
            "node": ">=0.4.0"
         }
      },
      "node_modules/yeast": {
         "version": "0.1.2",
         "resolved": "https://registry.npmjs.org/yeast/-/yeast-0.1.2.tgz",
         "integrity": "sha1-AI4G2AlDIMNy28L47XagymyKxBk="
      }
   }
}
